
Microsoft Visual Studio Solution File, Format Version 12.00
# Visual Studio 15
VisualStudioVersion = 15.0.26430.14
MinimumVisualStudioVersion = 10.0.40219.1
Project("{FAE04EC0-301F-11D3-BF4B-00C04F79EFBC}") = "TwoDArrayApp", "TwoDArrayApp\TwoDArrayApp.csproj", "{D974D8D2-44F1-4549-BC2B-258AC453DFCF}"
EndProject
Global
	GlobalSection(SolutionConfigurationPlatforms) = preSolution
		Debug|Any CPU = Debug|Any CPU
		Release|Any CPU = Release|Any CPU
	EndGlobalSection
	GlobalSection(ProjectConfigurationPlatforms) = postSolution
		{D974D8D2-44F1-4549-BC2B-258AC453DFCF}.Debug|Any CPU.ActiveCfg = Debug|Any CPU
		{D974D8D2-44F1-4549-BC2B-258AC453DFCF}.Debug|Any CPU.Build.0 = Debug|Any CPU
		{D974D8D2-44F1-4549-BC2B-258AC453DFCF}.Release|Any CPU.ActiveCfg = Release|Any CPU
		{D974D8D2-44F1-4549-BC2B-258AC453DFCF}.Release|Any CPU.Build.0 = Release|Any CPU
	EndGlobalSection
	GlobalSection(SolutionProperties) = preSolution
		HideSolutionNode = FALSE
	EndGlobalSection
EndGlobal
